
Microsoft Visual Studio Solution File, Format Version 12.00
# Visual Studio 2013
VisualStudioVersion = 12.0.31101.0
MinimumVisualStudioVersion = 10.0.40219.1
Project("{8BC9CEB8-8B4A-11D0-8D11-00A0C91BC942}") = "Problem 4", "Problem 4\Problem 4.vcxproj", "{1618CDF3-3930-4D8E-A851-D9895B967961}"
EndProject
Global
	GlobalSection(SolutionConfigurationPlatforms) = preSolution
		Debug|Win32 = Debug|Win32
		Release|Win32 = Release|Win32
	EndGlobalSection
	GlobalSection(ProjectConfigurationPlatforms) = postSolution
		{1618CDF3-3930-4D8E-A851-D9895B967961}.Debug|Win32.ActiveCfg = Debug|Win32
		{1618CDF3-3930-4D8E-A851-D9895B967961}.Debug|Win32.Build.0 = Debug|Win32
		{1618CDF3-3930-4D8E-A851-D9895B967961}.Release|Win32.ActiveCfg = Release|Win32
		{1618CDF3-3930-4D8E-A851-D9895B967961}.Release|Win32.Build.0 = Release|Win32
	EndGlobalSection
	GlobalSection(SolutionProperties) = preSolution
		HideSolutionNode = FALSE
	EndGlobalSection
EndGlobal
